PODS:
  - Alamofire (4.9.1)
  - SDWebImage (5.3.1):
    - SDWebImage/Core (= 5.3.1)
  - SDWebImage/Core (5.3.1)
  - SnapKit (4.2.0)

DEPENDENCIES:
  - Alamofire
  - SDWebImage
  - SnapKit

SPEC REPOS:
  trunk:
    - Alamofire
    - SDWebImage
    - SnapKit

SPEC CHECKSUMS:
  Alamofire: 85e8a02c69d6020a0d734f6054870d7ecb75cf18
  SDWebImage: 7137d57385fb632129838c1e6ab9528a22c666cc
  SnapKit: fe8a619752f3f27075cc9a90244d75c6c3f27e2a

PODFILE CHECKSUM: 35a858659426c6ff2c9a6c38c79c53fbc5ce62a2

COCOAPODS: 1.8.4
