// !$*UTF8*$!
{
	archiveVersion = 1;
	classes = {
	};
	objectVersion = 51;
	objects = {

/* Begin PBXBuildFile section */
		16215D7471FF1CAA9DB5046E /* Pods_ZrMus.framework in Frameworks */ = {isa = PBXBuildFile; fileRef = 3CBA0330424E2C9511B416BC /* Pods_ZrMus.framework */; };
		D326002123D8585E00BE0967 /* Login.swift in Sources */ = {isa = PBXBuildFile; fileRef = D326002023D8585E00BE0967 /* Login.swift */; };
		D326002423D8592E00BE0967 /* PhoneLogin.swift in Sources */ = {isa = PBXBuildFile; fileRef = D326002323D8592E00BE0967 /* PhoneLogin.swift */; };
		D326002623D8593C00BE0967 /* MailLogin.swift in Sources */ = {isa = PBXBuildFile; fileRef = D326002523D8593C00BE0967 /* MailLogin.swift */; };
		D355957323DAD66F0000826D /* LoginGet.swift in Sources */ = {isa = PBXBuildFile; fileRef = D355957223DAD66F0000826D /* LoginGet.swift */; };
		D355957523DAD7E70000826D /* ZrBtn.swift in Sources */ = {isa = PBXBuildFile; fileRef = D355957423DAD7E70000826D /* ZrBtn.swift */; };
		D355957723DADAE90000826D /* ZrTF.swift in Sources */ = {isa = PBXBuildFile; fileRef = D355957623DADAE90000826D /* ZrTF.swift */; };
		D36FCEED23DB4BC700B0A18E /* nicknameCell.swift in Sources */ = {isa = PBXBuildFile; fileRef = D36FCEEC23DB4BC700B0A18E /* nicknameCell.swift */; };
		D36FCEEF23DB4BDC00B0A18E /* fansCell.swift in Sources */ = {isa = PBXBuildFile; fileRef = D36FCEEE23DB4BDC00B0A18E /* fansCell.swift */; };
		D36FCEFB23DC757700B0A18E /* listsCell.swift in Sources */ = {isa = PBXBuildFile; fileRef = D36FCEFA23DC757700B0A18E /* listsCell.swift */; };
		D36FCEFD23DC9D7800B0A18E /* ncCell.swift in Sources */ = {isa = PBXBuildFile; fileRef = D36FCEFC23DC9D7800B0A18E /* ncCell.swift */; };
		D36FCEFF23DD66F600B0A18E /* SongListGet.swift in Sources */ = {isa = PBXBuildFile; fileRef = D36FCEFE23DD66F600B0A18E /* SongListGet.swift */; };
		D36FCF0123DD6CBE00B0A18E /* ListDetailGet.swift in Sources */ = {isa = PBXBuildFile; fileRef = D36FCF0023DD6CBE00B0A18E /* ListDetailGet.swift */; };
		D36FCF0623DD71CE00B0A18E /* JSONHandle.swift in Sources */ = {isa = PBXBuildFile; fileRef = D36FCF0523DD71CE00B0A18E /* JSONHandle.swift */; };
		D37B285523D74587006C360E /* AppDelegate.swift in Sources */ = {isa = PBXBuildFile; fileRef = D37B285423D74587006C360E /* AppDelegate.swift */; };
		D37B285C23D74587006C360E /* Main.storyboard in Resources */ = {isa = PBXBuildFile; fileRef = D37B285A23D74587006C360E /* Main.storyboard */; };
		D37B285E23D74588006C360E /* Assets.xcassets in Resources */ = {isa = PBXBuildFile; fileRef = D37B285D23D74588006C360E /* Assets.xcassets */; };
		D37B286123D74588006C360E /* LaunchScreen.storyboard in Resources */ = {isa = PBXBuildFile; fileRef = D37B285F23D74588006C360E /* LaunchScreen.storyboard */; };
		D37B286923D74689006C360E /* Accounter.swift in Sources */ = {isa = PBXBuildFile; fileRef = D37B286823D74689006C360E /* Accounter.swift */; };
		D37B286B23D74692006C360E /* Mine.swift in Sources */ = {isa = PBXBuildFile; fileRef = D37B286A23D74692006C360E /* Mine.swift */; };
		D37B286D23D746B3006C360E /* Player.swift in Sources */ = {isa = PBXBuildFile; fileRef = D37B286C23D746B3006C360E /* Player.swift */; };
		D384C33E23E070730087D3D4 /* SongList.swift in Sources */ = {isa = PBXBuildFile; fileRef = D384C33D23E070730087D3D4 /* SongList.swift */; };
		D38B81E823DDDFBC0098B7F2 /* DataBase.swift in Sources */ = {isa = PBXBuildFile; fileRef = D38B81E723DDDFBC0098B7F2 /* DataBase.swift */; };
		D3AAABC523E07CCE00D3DA3D /* ZrMus.xcdatamodeld in Sources */ = {isa = PBXBuildFile; fileRef = D3AAABC323E07CCE00D3DA3D /* ZrMus.xcdatamodeld */; };
		D3AE843C23E0853C001C6483 /* SongListTransformer.swift in Sources */ = {isa = PBXBuildFile; fileRef = D3AE843B23E0853C001C6483 /* SongListTransformer.swift */; };
		D3AF41D223E1C06800014FCA /* listCell.swift in Sources */ = {isa = PBXBuildFile; fileRef = D3AF41D123E1C06800014FCA /* listCell.swift */; };
		D3AF41FF23E2E4D300014FCA /* DetailedList.swift in Sources */ = {isa = PBXBuildFile; fileRef = D3AF41FE23E2E4D300014FCA /* DetailedList.swift */; };
		D3AF420723E2E76E00014FCA /* DLCell2.swift in Sources */ = {isa = PBXBuildFile; fileRef = D3AF420623E2E76E00014FCA /* DLCell2.swift */; };
		D3AF420923E2E77900014FCA /* DLCell1.swift in Sources */ = {isa = PBXBuildFile; fileRef = D3AF420823E2E77900014FCA /* DLCell1.swift */; };
		D3AF420B23E3150700014FCA /* ZrExtension.swift in Sources */ = {isa = PBXBuildFile; fileRef = D3AF420A23E3150700014FCA /* ZrExtension.swift */; };
		D3AF428423E44AB800014FCA /* Song.swift in Sources */ = {isa = PBXBuildFile; fileRef = D3AF428323E44AB800014FCA /* Song.swift */; };
		D3AF428623E465EB00014FCA /* STKQueueEntry.m in Sources */ = {isa = PBXBuildFile; fileRef = D3AF426E23E429CB00014FCA /* STKQueueEntry.m */; };
		D3AF428723E465EB00014FCA /* STKAutoRecoveringHTTPDataSource.h in Sources */ = {isa = PBXBuildFile; fileRef = D3AF426F23E429CB00014FCA /* STKAutoRecoveringHTTPDataSource.h */; };
		D3AF428823E465EB00014FCA /* STKDataSourceWrapper.h in Sources */ = {isa = PBXBuildFile; fileRef = D3AF427023E429CB00014FCA /* STKDataSourceWrapper.h */; };
		D3AF428923E465EB00014FCA /* STKAudioPlayer.h in Sources */ = {isa = PBXBuildFile; fileRef = D3AF427123E429CB00014FCA /* STKAudioPlayer.h */; };
		D3AF428A23E465EB00014FCA /* STKHTTPDataSource.m in Sources */ = {isa = PBXBuildFile; fileRef = D3AF427223E429CB00014FCA /* STKHTTPDataSource.m */; };
		D3AF428B23E465EB00014FCA /* STKDataSource.h in Sources */ = {isa = PBXBuildFile; fileRef = D3AF427323E429CB00014FCA /* STKDataSource.h */; };
		D3AF428C23E465EB00014FCA /* STKLocalFileDataSource.m in Sources */ = {isa = PBXBuildFile; fileRef = D3AF427423E429CB00014FCA /* STKLocalFileDataSource.m */; };
		D3AF428D23E465EB00014FCA /* NSMutableArray+STKAudioPlayer.h in Sources */ = {isa = PBXBuildFile; fileRef = D3AF427523E429CB00014FCA /* NSMutableArray+STKAudioPlayer.h */; };
		D3AF428E23E465EB00014FCA /* STKCoreFoundationDataSource.m in Sources */ = {isa = PBXBuildFile; fileRef = D3AF427623E429CB00014FCA /* STKCoreFoundationDataSource.m */; };
		D3AF428F23E465EB00014FCA /* STKAutoRecoveringHTTPDataSource.m in Sources */ = {isa = PBXBuildFile; fileRef = D3AF427723E429CB00014FCA /* STKAutoRecoveringHTTPDataSource.m */; };
		D3AF429023E465EB00014FCA /* STKQueueEntry.h in Sources */ = {isa = PBXBuildFile; fileRef = D3AF427823E429CB00014FCA /* STKQueueEntry.h */; };
		D3AF429123E465EB00014FCA /* STKHTTPDataSource.h in Sources */ = {isa = PBXBuildFile; fileRef = D3AF427923E429CB00014FCA /* STKHTTPDataSource.h */; };
		D3AF429223E465EB00014FCA /* STKAudioPlayer.m in Sources */ = {isa = PBXBuildFile; fileRef = D3AF427A23E429CB00014FCA /* STKAudioPlayer.m */; };
		D3AF429323E465EB00014FCA /* STKDataSourceWrapper.m in Sources */ = {isa = PBXBuildFile; fileRef = D3AF427B23E429CB00014FCA /* STKDataSourceWrapper.m */; };
		D3AF429423E465EB00014FCA /* STKLocalFileDataSource.h in Sources */ = {isa = PBXBuildFile; fileRef = D3AF427C23E429CB00014FCA /* STKLocalFileDataSource.h */; };
		D3AF429523E465EB00014FCA /* STKMacro.h in Sources */ = {isa = PBXBuildFile; fileRef = D3AF427D23E429CB00014FCA /* STKMacro.h */; };
		D3AF429623E465EB00014FCA /* STKDataSource.m in Sources */ = {isa = PBXBuildFile; fileRef = D3AF427E23E429CB00014FCA /* STKDataSource.m */; };
		D3AF429723E465EB00014FCA /* STKCoreFoundationDataSource.h in Sources */ = {isa = PBXBuildFile; fileRef = D3AF427F23E429CB00014FCA /* STKCoreFoundationDataSource.h */; };
		D3AF429823E465EB00014FCA /* STKSpinLock.h in Sources */ = {isa = PBXBuildFile; fileRef = D3AF428023E429CB00014FCA /* STKSpinLock.h */; };
		D3AF429923E465EB00014FCA /* NSMutableArray+STKAudioPlayer.m in Sources */ = {isa = PBXBuildFile; fileRef = D3AF428123E429CB00014FCA /* NSMutableArray+STKAudioPlayer.m */; };
		D3AF429A23E465EB00014FCA /* StreamingKit-Prefix.pch in Sources */ = {isa = PBXBuildFile; fileRef = D3AF428223E429CB00014FCA /* StreamingKit-Prefix.pch */; };
/* End PBXBuildFile section */

/* Begin PBXFileReference section */
		357EF3958A3D6CB21A336EC8 /* Pods-ZrMus.release.xcconfig */ = {isa = PBXFileReference; includeInIndex = 1; lastKnownFileType = text.xcconfig; name = "Pods-ZrMus.release.xcconfig"; path = "Target Support Files/Pods-ZrMus/Pods-ZrMus.release.xcconfig"; sourceTree = "<group>"; };
		3CBA0330424E2C9511B416BC /* Pods_ZrMus.framework */ = {isa = PBXFileReference; explicitFileType = wrapper.framework; includeInIndex = 0; path = Pods_ZrMus.framework; sourceTree = BUILT_PRODUCTS_DIR; };
		881E74DEF103E13DA5BBCFC3 /* Pods-ZrMus.debug.xcconfig */ = {isa = PBXFileReference; includeInIndex = 1; lastKnownFileType = text.xcconfig; name = "Pods-ZrMus.debug.xcconfig"; path = "Target Support Files/Pods-ZrMus/Pods-ZrMus.debug.xcconfig"; sourceTree = "<group>"; };
		D326002023D8585E00BE0967 /* Login.swift */ = {isa = PBXFileReference; lastKnownFileType = sourcecode.swift; path = Login.swift; sourceTree = "<group>"; };
		D326002323D8592E00BE0967 /* PhoneLogin.swift */ = {isa = PBXFileReference; lastKnownFileType = sourcecode.swift; path = PhoneLogin.swift; sourceTree = "<group>"; };
		D326002523D8593C00BE0967 /* MailLogin.swift */ = {isa = PBXFileReference; lastKnownFileType = sourcecode.swift; path = MailLogin.swift; sourceTree = "<group>"; };
		D355957223DAD66F0000826D /* LoginGet.swift */ = {isa = PBXFileReference; lastKnownFileType = sourcecode.swift; path = LoginGet.swift; sourceTree = "<group>"; };
		D355957423DAD7E70000826D /* ZrBtn.swift */ = {isa = PBXFileReference; lastKnownFileType = sourcecode.swift; path = ZrBtn.swift; sourceTree = "<group>"; };
		D355957623DADAE90000826D /* ZrTF.swift */ = {isa = PBXFileReference; lastKnownFileType = sourcecode.swift; path = ZrTF.swift; sourceTree = "<group>"; };
		D36FCEEC23DB4BC700B0A18E /* nicknameCell.swift */ = {isa = PBXFileReference; lastKnownFileType = sourcecode.swift; path = nicknameCell.swift; sourceTree = "<group>"; };
		D36FCEEE23DB4BDC00B0A18E /* fansCell.swift */ = {isa = PBXFileReference; lastKnownFileType = sourcecode.swift; path = fansCell.swift; sourceTree = "<group>"; };
		D36FCEFA23DC757700B0A18E /* listsCell.swift */ = {isa = PBXFileReference; lastKnownFileType = sourcecode.swift; path = listsCell.swift; sourceTree = "<group>"; };
		D36FCEFC23DC9D7800B0A18E /* ncCell.swift */ = {isa = PBXFileReference; lastKnownFileType = sourcecode.swift; path = ncCell.swift; sourceTree = "<group>"; };
		D36FCEFE23DD66F600B0A18E /* SongListGet.swift */ = {isa = PBXFileReference; lastKnownFileType = sourcecode.swift; path = SongListGet.swift; sourceTree = "<group>"; };
		D36FCF0023DD6CBE00B0A18E /* ListDetailGet.swift */ = {isa = PBXFileReference; lastKnownFileType = sourcecode.swift; path = ListDetailGet.swift; sourceTree = "<group>"; };
		D36FCF0523DD71CE00B0A18E /* JSONHandle.swift */ = {isa = PBXFileReference; lastKnownFileType = sourcecode.swift; path = JSONHandle.swift; sourceTree = "<group>"; };
		D37B285123D74587006C360E /* ZrMus.app */ = {isa = PBXFileReference; explicitFileType = wrapper.application; includeInIndex = 0; path = ZrMus.app; sourceTree = BUILT_PRODUCTS_DIR; };
		D37B285423D74587006C360E /* AppDelegate.swift */ = {isa = PBXFileReference; lastKnownFileType = sourcecode.swift; path = AppDelegate.swift; sourceTree = "<group>"; };
		D37B285B23D74587006C360E /* Base */ = {isa = PBXFileReference; lastKnownFileType = file.storyboard; name = Base; path = Base.lproj/Main.storyboard; sourceTree = "<group>"; };
		D37B285D23D74588006C360E /* Assets.xcassets */ = {isa = PBXFileReference; lastKnownFileType = folder.assetcatalog; path = Assets.xcassets; sourceTree = "<group>"; };
		D37B286023D74588006C360E /* Base */ = {isa = PBXFileReference; lastKnownFileType = file.storyboard; name = Base; path = Base.lproj/LaunchScreen.storyboard; sourceTree = "<group>"; };
		D37B286223D74588006C360E /* Info.plist */ = {isa = PBXFileReference; lastKnownFileType = text.plist.xml; path = Info.plist; sourceTree = "<group>"; };
		D37B286823D74689006C360E /* Accounter.swift */ = {isa = PBXFileReference; lastKnownFileType = sourcecode.swift; path = Accounter.swift; sourceTree = "<group>"; };
		D37B286A23D74692006C360E /* Mine.swift */ = {isa = PBXFileReference; lastKnownFileType = sourcecode.swift; path = Mine.swift; sourceTree = "<group>"; };
		D37B286C23D746B3006C360E /* Player.swift */ = {isa = PBXFileReference; lastKnownFileType = sourcecode.swift; path = Player.swift; sourceTree = "<group>"; };
		D384C33D23E070730087D3D4 /* SongList.swift */ = {isa = PBXFileReference; lastKnownFileType = sourcecode.swift; path = SongList.swift; sourceTree = "<group>"; };
		D38B81E723DDDFBC0098B7F2 /* DataBase.swift */ = {isa = PBXFileReference; lastKnownFileType = sourcecode.swift; path = DataBase.swift; sourceTree = "<group>"; };
		D3AAABC423E07CCE00D3DA3D /* ZrMus.xcdatamodel */ = {isa = PBXFileReference; lastKnownFileType = wrapper.xcdatamodel; path = ZrMus.xcdatamodel; sourceTree = "<group>"; };
		D3AE843B23E0853C001C6483 /* SongListTransformer.swift */ = {isa = PBXFileReference; lastKnownFileType = sourcecode.swift; path = SongListTransformer.swift; sourceTree = "<group>"; };
		D3AF41D123E1C06800014FCA /* listCell.swift */ = {isa = PBXFileReference; lastKnownFileType = sourcecode.swift; path = listCell.swift; sourceTree = "<group>"; };
		D3AF41FE23E2E4D300014FCA /* DetailedList.swift */ = {isa = PBXFileReference; lastKnownFileType = sourcecode.swift; path = DetailedList.swift; sourceTree = "<group>"; };
		D3AF420623E2E76E00014FCA /* DLCell2.swift */ = {isa = PBXFileReference; lastKnownFileType = sourcecode.swift; path = DLCell2.swift; sourceTree = "<group>"; };
		D3AF420823E2E77900014FCA /* DLCell1.swift */ = {isa = PBXFileReference; lastKnownFileType = sourcecode.swift; path = DLCell1.swift; sourceTree = "<group>"; };
		D3AF420A23E3150700014FCA /* ZrExtension.swift */ = {isa = PBXFileReference; lastKnownFileType = sourcecode.swift; path = ZrExtension.swift; sourceTree = "<group>"; };
		D3AF426E23E429CB00014FCA /* STKQueueEntry.m */ = {isa = PBXFileReference; lastKnownFileType = sourcecode.c.objc; path = STKQueueEntry.m; sourceTree = "<group>"; };
		D3AF426F23E429CB00014FCA /* STKAutoRecoveringHTTPDataSource.h */ = {isa = PBXFileReference; lastKnownFileType = sourcecode.c.h; path = STKAutoRecoveringHTTPDataSource.h; sourceTree = "<group>"; };
		D3AF427023E429CB00014FCA /* STKDataSourceWrapper.h */ = {isa = PBXFileReference; lastKnownFileType = sourcecode.c.h; path = STKDataSourceWrapper.h; sourceTree = "<group>"; };
		D3AF427123E429CB00014FCA /* STKAudioPlayer.h */ = {isa = PBXFileReference; lastKnownFileType = sourcecode.c.h; path = STKAudioPlayer.h; sourceTree = "<group>"; };
		D3AF427223E429CB00014FCA /* STKHTTPDataSource.m */ = {isa = PBXFileReference; lastKnownFileType = sourcecode.c.objc; path = STKHTTPDataSource.m; sourceTree = "<group>"; };
		D3AF427323E429CB00014FCA /* STKDataSource.h */ = {isa = PBXFileReference; lastKnownFileType = sourcecode.c.h; path = STKDataSource.h; sourceTree = "<group>"; };
		D3AF427423E429CB00014FCA /* STKLocalFileDataSource.m */ = {isa = PBXFileReference; lastKnownFileType = sourcecode.c.objc; path = STKLocalFileDataSource.m; sourceTree = "<group>"; };
		D3AF427523E429CB00014FCA /* NSMutableArray+STKAudioPlayer.h */ = {isa = PBXFileReference; lastKnownFileType = sourcecode.c.h; path = "NSMutableArray+STKAudioPlayer.h"; sourceTree = "<group>"; };
		D3AF427623E429CB00014FCA /* STKCoreFoundationDataSource.m */ = {isa = PBXFileReference; lastKnownFileType = sourcecode.c.objc; path = STKCoreFoundationDataSource.m; sourceTree = "<group>"; };
		D3AF427723E429CB00014FCA /* STKAutoRecoveringHTTPDataSource.m */ = {isa = PBXFileReference; lastKnownFileType = sourcecode.c.objc; path = STKAutoRecoveringHTTPDataSource.m; sourceTree = "<group>"; };
		D3AF427823E429CB00014FCA /* STKQueueEntry.h */ = {isa = PBXFileReference; lastKnownFileType = sourcecode.c.h; path = STKQueueEntry.h; sourceTree = "<group>"; };
		D3AF427923E429CB00014FCA /* STKHTTPDataSource.h */ = {isa = PBXFileReference; lastKnownFileType = sourcecode.c.h; path = STKHTTPDataSource.h; sourceTree = "<group>"; };
		D3AF427A23E429CB00014FCA /* STKAudioPlayer.m */ = {isa = PBXFileReference; lastKnownFileType = sourcecode.c.objc; path = STKAudioPlayer.m; sourceTree = "<group>"; };
		D3AF427B23E429CB00014FCA /* STKDataSourceWrapper.m */ = {isa = PBXFileReference; lastKnownFileType = sourcecode.c.objc; path = STKDataSourceWrapper.m; sourceTree = "<group>"; };
		D3AF427C23E429CB00014FCA /* STKLocalFileDataSource.h */ = {isa = PBXFileReference; lastKnownFileType = sourcecode.c.h; path = STKLocalFileDataSource.h; sourceTree = "<group>"; };
		D3AF427D23E429CB00014FCA /* STKMacro.h */ = {isa = PBXFileReference; lastKnownFileType = sourcecode.c.h; path = STKMacro.h; sourceTree = "<group>"; };
		D3AF427E23E429CB00014FCA /* STKDataSource.m */ = {isa = PBXFileReference; lastKnownFileType = sourcecode.c.objc; path = STKDataSource.m; sourceTree = "<group>"; };
		D3AF427F23E429CB00014FCA /* STKCoreFoundationDataSource.h */ = {isa = PBXFileReference; lastKnownFileType = sourcecode.c.h; path = STKCoreFoundationDataSource.h; sourceTree = "<group>"; };
		D3AF428023E429CB00014FCA /* STKSpinLock.h */ = {isa = PBXFileReference; lastKnownFileType = sourcecode.c.h; path = STKSpinLock.h; sourceTree = "<group>"; };
		D3AF428123E429CB00014FCA /* NSMutableArray+STKAudioPlayer.m */ = {isa = PBXFileReference; lastKnownFileType = sourcecode.c.objc; path = "NSMutableArray+STKAudioPlayer.m"; sourceTree = "<group>"; };
		D3AF428223E429CB00014FCA /* StreamingKit-Prefix.pch */ = {isa = PBXFileReference; lastKnownFileType = sourcecode.c.h; path = "StreamingKit-Prefix.pch"; sourceTree = "<group>"; };
		D3AF428323E44AB800014FCA /* Song.swift */ = {isa = PBXFileReference; lastKnownFileType = sourcecode.swift; path = Song.swift; sourceTree = "<group>"; };
/* End PBXFileReference section */

/* Begin PBXFrameworksBuildPhase section */
		D37B284E23D74587006C360E /* Frameworks */ = {
			isa = PBXFrameworksBuildPhase;
			buildActionMask = 2147483647;
			files = (
				16215D7471FF1CAA9DB5046E /* Pods_ZrMus.framework in Frameworks */,
			);
			runOnlyForDeploymentPostprocessing = 0;
		};
/* End PBXFrameworksBuildPhase section */

/* Begin PBXGroup section */
		5F059F7D4C6281B369068B8A /* Frameworks */ = {
			isa = PBXGroup;
			children = (
				3CBA0330424E2C9511B416BC /* Pods_ZrMus.framework */,
			);
			name = Frameworks;
			sourceTree = "<group>";
		};
		C36A1AE65FC8E3678A195B15 /* Pods */ = {
			isa = PBXGroup;
			children = (
				881E74DEF103E13DA5BBCFC3 /* Pods-ZrMus.debug.xcconfig */,
				357EF3958A3D6CB21A336EC8 /* Pods-ZrMus.release.xcconfig */,
			);
			path = Pods;
			sourceTree = "<group>";
		};
		D3028F9E23D9FD8600A25735 /* V */ = {
			isa = PBXGroup;
			children = (
				D355957423DAD7E70000826D /* ZrBtn.swift */,
				D355957623DADAE90000826D /* ZrTF.swift */,
			);
			path = V;
			sourceTree = "<group>";
		};
		D3028F9F23D9FD8E00A25735 /* C */ = {
			isa = PBXGroup;
			children = (
				D326002023D8585E00BE0967 /* Login.swift */,
				D326002323D8592E00BE0967 /* PhoneLogin.swift */,
				D326002523D8593C00BE0967 /* MailLogin.swift */,
			);
			path = C;
			sourceTree = "<group>";
		};
		D326001F23D8583300BE0967 /* Accounter */ = {
			isa = PBXGroup;
			children = (
				D36FCEEB23DB4B7400B0A18E /* M */,
				D36FCEEA23DB4B6F00B0A18E /* V */,
				D36FCEE923DB4B6B00B0A18E /* C */,
			);
			path = Accounter;
			sourceTree = "<group>";
		};
		D326002223D8590800BE0967 /* Login */ = {
			isa = PBXGroup;
			children = (
				D355957123DAD65A0000826D /* M */,
				D3028F9E23D9FD8600A25735 /* V */,
				D3028F9F23D9FD8E00A25735 /* C */,
			);
			path = Login;
			sourceTree = "<group>";
		};
		D326002B23D9E81D00BE0967 /* Player */ = {
			isa = PBXGroup;
			children = (
				D36FCEE823DB3A0F00B0A18E /* M */,
				D36FCEE723DB3A0900B0A18E /* V */,
				D36FCEE623DB3A0400B0A18E /* C */,
			);
			path = Player;
			sourceTree = "<group>";
		};
		D326002C23D9E82900BE0967 /* Mine */ = {
			isa = PBXGroup;
			children = (
				D36FCEF923DC2DB700B0A18E /* M */,
				D36FCEF723DC2DA900B0A18E /* V */,
				D36FCEF823DC2DAE00B0A18E /* C */,
			);
			path = Mine;
			sourceTree = "<group>";
		};
		D355957123DAD65A0000826D /* M */ = {
			isa = PBXGroup;
			children = (
				D355957223DAD66F0000826D /* LoginGet.swift */,
			);
			path = M;
			sourceTree = "<group>";
		};
		D36FCEE623DB3A0400B0A18E /* C */ = {
			isa = PBXGroup;
			children = (
				D37B286C23D746B3006C360E /* Player.swift */,
			);
			path = C;
			sourceTree = "<group>";
		};
		D36FCEE723DB3A0900B0A18E /* V */ = {
			isa = PBXGroup;
			children = (
			);
			path = V;
			sourceTree = "<group>";
		};
		D36FCEE823DB3A0F00B0A18E /* M */ = {
			isa = PBXGroup;
			children = (
				D3AF428323E44AB800014FCA /* Song.swift */,
			);
			name = M;
			sourceTree = "<group>";
		};
		D36FCEE923DB4B6B00B0A18E /* C */ = {
			isa = PBXGroup;
			children = (
				D37B286823D74689006C360E /* Accounter.swift */,
			);
			path = C;
			sourceTree = "<group>";
		};
		D36FCEEA23DB4B6F00B0A18E /* V */ = {
			isa = PBXGroup;
			children = (
				D36FCEEC23DB4BC700B0A18E /* nicknameCell.swift */,
				D36FCEEE23DB4BDC00B0A18E /* fansCell.swift */,
			);
			path = V;
			sourceTree = "<group>";
		};
		D36FCEEB23DB4B7400B0A18E /* M */ = {
			isa = PBXGroup;
			children = (
			);
			path = M;
			sourceTree = "<group>";
		};
		D36FCEF023DBF61200B0A18E /* TotalView */ = {
			isa = PBXGroup;
			children = (
			);
			path = TotalView;
			sourceTree = "<group>";
		};
		D36FCEF723DC2DA900B0A18E /* V */ = {
			isa = PBXGroup;
			children = (
				D36FCEFC23DC9D7800B0A18E /* ncCell.swift */,
				D36FCEFA23DC757700B0A18E /* listsCell.swift */,
				D3AF41D123E1C06800014FCA /* listCell.swift */,
			);
			path = V;
			sourceTree = "<group>";
		};
		D36FCEF823DC2DAE00B0A18E /* C */ = {
			isa = PBXGroup;
			children = (
				D37B286A23D74692006C360E /* Mine.swift */,
			);
			path = C;
			sourceTree = "<group>";
		};
		D36FCEF923DC2DB700B0A18E /* M */ = {
			isa = PBXGroup;
			children = (
				D36FCEFE23DD66F600B0A18E /* SongListGet.swift */,
				D384C33D23E070730087D3D4 /* SongList.swift */,
				D3AE843B23E0853C001C6483 /* SongListTransformer.swift */,
			);
			path = M;
			sourceTree = "<group>";
		};
		D36FCF0423DD71AB00B0A18E /* TotalModel */ = {
			isa = PBXGroup;
			children = (
				D36FCF0523DD71CE00B0A18E /* JSONHandle.swift */,
				D3AF420A23E3150700014FCA /* ZrExtension.swift */,
			);
			path = TotalModel;
			sourceTree = "<group>";
		};
		D37B284823D74587006C360E = {
			isa = PBXGroup;
			children = (
				D37B285323D74587006C360E /* ZrMus */,
				D37B285223D74587006C360E /* Products */,
				C36A1AE65FC8E3678A195B15 /* Pods */,
				5F059F7D4C6281B369068B8A /* Frameworks */,
			);
			sourceTree = "<group>";
			usesTabs = 0;
		};
		D37B285223D74587006C360E /* Products */ = {
			isa = PBXGroup;
			children = (
				D37B285123D74587006C360E /* ZrMus.app */,
			);
			name = Products;
			sourceTree = "<group>";
		};
		D37B285323D74587006C360E /* ZrMus */ = {
			isa = PBXGroup;
			children = (
				D37B285423D74587006C360E /* AppDelegate.swift */,
				D37B285A23D74587006C360E /* Main.storyboard */,
				D37B285D23D74588006C360E /* Assets.xcassets */,
				D37B285F23D74588006C360E /* LaunchScreen.storyboard */,
				D37B286223D74588006C360E /* Info.plist */,
				D38B81E623DDDFA20098B7F2 /* DataBase */,
				D3AF426D23E429CB00014FCA /* StreamingKit */,
				D36FCF0423DD71AB00B0A18E /* TotalModel */,
				D36FCEF023DBF61200B0A18E /* TotalView */,
				D326002223D8590800BE0967 /* Login */,
				D3AF420E23E427A000014FCA /* Comment */,
				D326002B23D9E81D00BE0967 /* Player */,
				D326002C23D9E82900BE0967 /* Mine */,
				D3AF41F723E2E25900014FCA /* DetailedList */,
				D326001F23D8583300BE0967 /* Accounter */,
			);
			path = ZrMus;
			sourceTree = "<group>";
		};
		D38B81E623DDDFA20098B7F2 /* DataBase */ = {
			isa = PBXGroup;
			children = (
				D3AAABC323E07CCE00D3DA3D /* ZrMus.xcdatamodeld */,
				D38B81E723DDDFBC0098B7F2 /* DataBase.swift */,
			);
			path = DataBase;
			sourceTree = "<group>";
		};
		D3AF41F723E2E25900014FCA /* DetailedList */ = {
			isa = PBXGroup;
			children = (
				D3AF41FA23E2E28800014FCA /* M */,
				D3AF41F923E2E28600014FCA /* V */,
				D3AF41F823E2E28300014FCA /* C */,
			);
			path = DetailedList;
			sourceTree = "<group>";
		};
		D3AF41F823E2E28300014FCA /* C */ = {
			isa = PBXGroup;
			children = (
				D3AF41FE23E2E4D300014FCA /* DetailedList.swift */,
			);
			path = C;
			sourceTree = "<group>";
		};
		D3AF41F923E2E28600014FCA /* V */ = {
			isa = PBXGroup;
			children = (
				D3AF420823E2E77900014FCA /* DLCell1.swift */,
				D3AF420623E2E76E00014FCA /* DLCell2.swift */,
			);
			path = V;
			sourceTree = "<group>";
		};
		D3AF41FA23E2E28800014FCA /* M */ = {
			isa = PBXGroup;
			children = (
				D36FCF0023DD6CBE00B0A18E /* ListDetailGet.swift */,
			);
			path = M;
			sourceTree = "<group>";
		};
		D3AF420E23E427A000014FCA /* Comment */ = {
			isa = PBXGroup;
			children = (
				D3AF421123E428E500014FCA /* M */,
				D3AF421023E428E300014FCA /* V */,
				D3AF420F23E428B000014FCA /* C */,
			);
			path = Comment;
			sourceTree = "<group>";
		};
		D3AF420F23E428B000014FCA /* C */ = {
			isa = PBXGroup;
			children = (
			);
			path = C;
			sourceTree = "<group>";
		};
		D3AF421023E428E300014FCA /* V */ = {
			isa = PBXGroup;
			children = (
			);
			path = V;
			sourceTree = "<group>";
		};
		D3AF421123E428E500014FCA /* M */ = {
			isa = PBXGroup;
			children = (
			);
			name = M;
			path = "New Group1/M";
			sourceTree = "<group>";
		};
		D3AF426D23E429CB00014FCA /* StreamingKit */ = {
			isa = PBXGroup;
			children = (
				D3AF426E23E429CB00014FCA /* STKQueueEntry.m */,
				D3AF426F23E429CB00014FCA /* STKAutoRecoveringHTTPDataSource.h */,
				D3AF427023E429CB00014FCA /* STKDataSourceWrapper.h */,
				D3AF427123E429CB00014FCA /* STKAudioPlayer.h */,
				D3AF427223E429CB00014FCA /* STKHTTPDataSource.m */,
				D3AF427323E429CB00014FCA /* STKDataSource.h */,
				D3AF427423E429CB00014FCA /* STKLocalFileDataSource.m */,
				D3AF427523E429CB00014FCA /* NSMutableArray+STKAudioPlayer.h */,
				D3AF427623E429CB00014FCA /* STKCoreFoundationDataSource.m */,
				D3AF427723E429CB00014FCA /* STKAutoRecoveringHTTPDataSource.m */,
				D3AF427823E429CB00014FCA /* STKQueueEntry.h */,
				D3AF427923E429CB00014FCA /* STKHTTPDataSource.h */,
				D3AF427A23E429CB00014FCA /* STKAudioPlayer.m */,
				D3AF427B23E429CB00014FCA /* STKDataSourceWrapper.m */,
				D3AF427C23E429CB00014FCA /* STKLocalFileDataSource.h */,
				D3AF427D23E429CB00014FCA /* STKMacro.h */,
				D3AF427E23E429CB00014FCA /* STKDataSource.m */,
				D3AF427F23E429CB00014FCA /* STKCoreFoundationDataSource.h */,
				D3AF428023E429CB00014FCA /* STKSpinLock.h */,
				D3AF428123E429CB00014FCA /* NSMutableArray+STKAudioPlayer.m */,
				D3AF428223E429CB00014FCA /* StreamingKit-Prefix.pch */,
			);
			path = StreamingKit;
			sourceTree = "<group>";
		};
/* End PBXGroup section */

/* Begin PBXNativeTarget section */
		D37B285023D74587006C360E /* ZrMus */ = {
			isa = PBXNativeTarget;
			buildConfigurationList = D37B286523D74588006C360E /* Build configuration list for PBXNativeTarget "ZrMus" */;
			buildPhases = (
				651D89960553C0EF0095FCF6 /* [CP] Check Pods Manifest.lock */,
				D37B284D23D74587006C360E /* Sources */,
				D37B284E23D74587006C360E /* Frameworks */,
				D37B284F23D74587006C360E /* Resources */,
				3C43F2EE3A85C1EF00F1C207 /* [CP] Embed Pods Frameworks */,
			);
			buildRules = (
			);
			dependencies = (
			);
			name = ZrMus;
			productName = ZrMus;
			productReference = D37B285123D74587006C360E /* ZrMus.app */;
			productType = "com.apple.product-type.application";
		};
/* End PBXNativeTarget section */

/* Begin PBXProject section */
		D37B284923D74587006C360E /* Project object */ = {
			isa = PBXProject;
			attributes = {
				LastSwiftUpdateCheck = 1130;
				LastUpgradeCheck = 1130;
				ORGANIZATIONNAME = "Zr埋";
				TargetAttributes = {
					D37B285023D74587006C360E = {
						CreatedOnToolsVersion = 11.3.1;
					};
				};
			};
			buildConfigurationList = D37B284C23D74587006C360E /* Build configuration list for PBXProject "ZrMus" */;
			compatibilityVersion = "Xcode 9.3";
			developmentRegion = en;
			hasScannedForEncodings = 0;
			knownRegions = (
				en,
				Base,
			);
			mainGroup = D37B284823D74587006C360E;
			productRefGroup = D37B285223D74587006C360E /* Products */;
			projectDirPath = "";
			projectRoot = "";
			targets = (
				D37B285023D74587006C360E /* ZrMus */,
			);
		};
/* End PBXProject section */

/* Begin PBXResourcesBuildPhase section */
		D37B284F23D74587006C360E /* Resources */ = {
			isa = PBXResourcesBuildPhase;
			buildActionMask = 2147483647;
			files = (
				D37B286123D74588006C360E /* LaunchScreen.storyboard in Resources */,
				D37B285E23D74588006C360E /* Assets.xcassets in Resources */,
				D37B285C23D74587006C360E /* Main.storyboard in Resources */,
			);
			runOnlyForDeploymentPostprocessing = 0;
		};
/* End PBXResourcesBuildPhase section */

/* Begin PBXShellScriptBuildPhase section */
		3C43F2EE3A85C1EF00F1C207 /* [CP] Embed Pods Frameworks */ = {
			isa = PBXShellScriptBuildPhase;
			buildActionMask = 2147483647;
			files = (
			);
			inputFileListPaths = (
				"${PODS_ROOT}/Target Support Files/Pods-ZrMus/Pods-ZrMus-frameworks-${CONFIGURATION}-input-files.xcfilelist",
			);
			name = "[CP] Embed Pods Frameworks";
			outputFileListPaths = (
				"${PODS_ROOT}/Target Support Files/Pods-ZrMus/Pods-ZrMus-frameworks-${CONFIGURATION}-output-files.xcfilelist",
			);
			runOnlyForDeploymentPostprocessing = 0;
			shellPath = /bin/sh;
			shellScript = "\"${PODS_ROOT}/Target Support Files/Pods-ZrMus/Pods-ZrMus-frameworks.sh\"\n";
			showEnvVarsInLog = 0;
		};
		651D89960553C0EF0095FCF6 /* [CP] Check Pods Manifest.lock */ = {
			isa = PBXShellScriptBuildPhase;
			buildActionMask = 2147483647;
			files = (
			);
			inputFileListPaths = (
			);
			inputPaths = (
				"${PODS_PODFILE_DIR_PATH}/Podfile.lock",
				"${PODS_ROOT}/Manifest.lock",
			);
			name = "[CP] Check Pods Manifest.lock";
			outputFileListPaths = (
			);
			outputPaths = (
				"$(DERIVED_FILE_DIR)/Pods-ZrMus-checkManifestLockResult.txt",
			);
			runOnlyForDeploymentPostprocessing = 0;
			shellPath = /bin/sh;
			shellScript = "diff \"${PODS_PODFILE_DIR_PATH}/Podfile.lock\" \"${PODS_ROOT}/Manifest.lock\" > /dev/null\nif [ $? != 0 ] ; then\n    # print error to STDERR\n    echo \"error: The sandbox is not in sync with the Podfile.lock. Run 'pod install' or update your CocoaPods installation.\" >&2\n    exit 1\nfi\n# This output is used by Xcode 'outputs' to avoid re-running this script phase.\necho \"SUCCESS\" > \"${SCRIPT_OUTPUT_FILE_0}\"\n";
			showEnvVarsInLog = 0;
		};
/* End PBXShellScriptBuildPhase section */

/* Begin PBXSourcesBuildPhase section */
		D37B284D23D74587006C360E /* Sources */ = {
			isa = PBXSourcesBuildPhase;
			buildActionMask = 2147483647;
			files = (
				D3AF428623E465EB00014FCA /* STKQueueEntry.m in Sources */,
				D3AF428723E465EB00014FCA /* STKAutoRecoveringHTTPDataSource.h in Sources */,
				D3AF428823E465EB00014FCA /* STKDataSourceWrapper.h in Sources */,
				D3AF428923E465EB00014FCA /* STKAudioPlayer.h in Sources */,
				D3AF428A23E465EB00014FCA /* STKHTTPDataSource.m in Sources */,
				D3AF428B23E465EB00014FCA /* STKDataSource.h in Sources */,
				D3AF428C23E465EB00014FCA /* STKLocalFileDataSource.m in Sources */,
				D3AF428D23E465EB00014FCA /* NSMutableArray+STKAudioPlayer.h in Sources */,
				D3AF428E23E465EB00014FCA /* STKCoreFoundationDataSource.m in Sources */,
				D3AF428F23E465EB00014FCA /* STKAutoRecoveringHTTPDataSource.m in Sources */,
				D3AF429023E465EB00014FCA /* STKQueueEntry.h in Sources */,
				D3AF429123E465EB00014FCA /* STKHTTPDataSource.h in Sources */,
				D3AF429223E465EB00014FCA /* STKAudioPlayer.m in Sources */,
				D3AF429323E465EB00014FCA /* STKDataSourceWrapper.m in Sources */,
				D3AF429423E465EB00014FCA /* STKLocalFileDataSource.h in Sources */,
				D3AF429523E465EB00014FCA /* STKMacro.h in Sources */,
				D3AF429623E465EB00014FCA /* STKDataSource.m in Sources */,
				D3AF429723E465EB00014FCA /* STKCoreFoundationDataSource.h in Sources */,
				D3AF429823E465EB00014FCA /* STKSpinLock.h in Sources */,
				D3AF429923E465EB00014FCA /* NSMutableArray+STKAudioPlayer.m in Sources */,
				D3AF429A23E465EB00014FCA /* StreamingKit-Prefix.pch in Sources */,
				D3AF428423E44AB800014FCA /* Song.swift in Sources */,
				D384C33E23E070730087D3D4 /* SongList.swift in Sources */,
				D36FCF0623DD71CE00B0A18E /* JSONHandle.swift in Sources */,
				D3AF420723E2E76E00014FCA /* DLCell2.swift in Sources */,
				D36FCEFD23DC9D7800B0A18E /* ncCell.swift in Sources */,
				D37B285523D74587006C360E /* AppDelegate.swift in Sources */,
				D3AF420B23E3150700014FCA /* ZrExtension.swift in Sources */,
				D36FCEEF23DB4BDC00B0A18E /* fansCell.swift in Sources */,
				D326002123D8585E00BE0967 /* Login.swift in Sources */,
				D326002423D8592E00BE0967 /* PhoneLogin.swift in Sources */,
				D355957523DAD7E70000826D /* ZrBtn.swift in Sources */,
				D326002623D8593C00BE0967 /* MailLogin.swift in Sources */,
				D38B81E823DDDFBC0098B7F2 /* DataBase.swift in Sources */,
				D36FCEFF23DD66F600B0A18E /* SongListGet.swift in Sources */,
				D3AAABC523E07CCE00D3DA3D /* ZrMus.xcdatamodeld in Sources */,
				D36FCEFB23DC757700B0A18E /* listsCell.swift in Sources */,
				D3AE843C23E0853C001C6483 /* SongListTransformer.swift in Sources */,
				D3AF41FF23E2E4D300014FCA /* DetailedList.swift in Sources */,
				D37B286923D74689006C360E /* Accounter.swift in Sources */,
				D355957323DAD66F0000826D /* LoginGet.swift in Sources */,
				D37B286B23D74692006C360E /* Mine.swift in Sources */,
				D37B286D23D746B3006C360E /* Player.swift in Sources */,
				D36FCF0123DD6CBE00B0A18E /* ListDetailGet.swift in Sources */,
				D3AF41D223E1C06800014FCA /* listCell.swift in Sources */,
				D36FCEED23DB4BC700B0A18E /* nicknameCell.swift in Sources */,
				D3AF420923E2E77900014FCA /* DLCell1.swift in Sources */,
				D355957723DADAE90000826D /* ZrTF.swift in Sources */,
			);
			runOnlyForDeploymentPostprocessing = 0;
		};
/* End PBXSourcesBuildPhase section */

/* Begin PBXVariantGroup section */
		D37B285A23D74587006C360E /* Main.storyboard */ = {
			isa = PBXVariantGroup;
			children = (
				D37B285B23D74587006C360E /* Base */,
			);
			name = Main.storyboard;
			sourceTree = "<group>";
		};
		D37B285F23D74588006C360E /* LaunchScreen.storyboard */ = {
			isa = PBXVariantGroup;
			children = (
				D37B286023D74588006C360E /* Base */,
			);
			name = LaunchScreen.storyboard;
			sourceTree = "<group>";
		};
/* End PBXVariantGroup section */

/* Begin XCBuildConfiguration section */
		D37B286323D74588006C360E /* Debug */ = {
			isa = XCBuildConfiguration;
			buildSettings = {
				ALWAYS_SEARCH_USER_PATHS = NO;
				CLANG_ANALYZER_NONNULL = YES;
				CLANG_ANALYZER_NUMBER_OBJECT_CONVERSION = YES_AGGRESSIVE;
				CLANG_CXX_LANGUAGE_STANDARD = "gnu++14";
				CLANG_CXX_LIBRARY = "libc++";
				CLANG_ENABLE_MODULES = YES;
				CLANG_ENABLE_OBJC_ARC = YES;
				CLANG_ENABLE_OBJC_WEAK = YES;
				CLANG_WARN_BLOCK_CAPTURE_AUTORELEASING = YES;
				CLANG_WARN_BOOL_CONVERSION = YES;
				CLANG_WARN_COMMA = YES;
				CLANG_WARN_CONSTANT_CONVERSION = YES;
				CLANG_WARN_DEPRECATED_OBJC_IMPLEMENTATIONS = YES;
				CLANG_WARN_DIRECT_OBJC_ISA_USAGE = YES_ERROR;
				CLANG_WARN_DOCUMENTATION_COMMENTS = YES;
				CLANG_WARN_EMPTY_BODY = YES;
				CLANG_WARN_ENUM_CONVERSION = YES;
				CLANG_WARN_INFINITE_RECURSION = YES;
				CLANG_WARN_INT_CONVERSION = YES;
				CLANG_WARN_NON_LITERAL_NULL_CONVERSION = YES;
				CLANG_WARN_OBJC_IMPLICIT_RETAIN_SELF = YES;
				CLANG_WARN_OBJC_LITERAL_CONVERSION = YES;
				CLANG_WARN_OBJC_ROOT_CLASS = YES_ERROR;
				CLANG_WARN_RANGE_LOOP_ANALYSIS = YES;
				CLANG_WARN_STRICT_PROTOTYPES = YES;
				CLANG_WARN_SUSPICIOUS_MOVE = YES;
				CLANG_WARN_UNGUARDED_AVAILABILITY = YES_AGGRESSIVE;
				CLANG_WARN_UNREACHABLE_CODE = YES;
				CLANG_WARN__DUPLICATE_METHOD_MATCH = YES;
				COPY_PHASE_STRIP = NO;
				DEBUG_INFORMATION_FORMAT = dwarf;
				ENABLE_STRICT_OBJC_MSGSEND = YES;
				ENABLE_TESTABILITY = YES;
				GCC_C_LANGUAGE_STANDARD = gnu11;
				GCC_DYNAMIC_NO_PIC = NO;
				GCC_NO_COMMON_BLOCKS = YES;
				GCC_OPTIMIZATION_LEVEL = 0;
				GCC_PREPROCESSOR_DEFINITIONS = (
					"DEBUG=1",
					"$(inherited)",
				);
				GCC_WARN_64_TO_32_BIT_CONVERSION = YES;
				GCC_WARN_ABOUT_RETURN_TYPE = YES_ERROR;
				GCC_WARN_UNDECLARED_SELECTOR = YES;
				GCC_WARN_UNINITIALIZED_AUTOS = YES_AGGRESSIVE;
				GCC_WARN_UNUSED_FUNCTION = YES;
				GCC_WARN_UNUSED_VARIABLE = YES;
				IPHONEOS_DEPLOYMENT_TARGET = 13.2;
				MTL_ENABLE_DEBUG_INFO = INCLUDE_SOURCE;
				MTL_FAST_MATH = YES;
				ONLY_ACTIVE_ARCH = YES;
				SDKROOT = iphoneos;
				SWIFT_ACTIVE_COMPILATION_CONDITIONS = DEBUG;
				SWIFT_OPTIMIZATION_LEVEL = "-Onone";
			};
			name = Debug;
		};
		D37B286423D74588006C360E /* Release */ = {
			isa = XCBuildConfiguration;
			buildSettings = {
				ALWAYS_SEARCH_USER_PATHS = NO;
				CLANG_ANALYZER_NONNULL = YES;
				CLANG_ANALYZER_NUMBER_OBJECT_CONVERSION = YES_AGGRESSIVE;
				CLANG_CXX_LANGUAGE_STANDARD = "gnu++14";
				CLANG_CXX_LIBRARY = "libc++";
				CLANG_ENABLE_MODULES = YES;
				CLANG_ENABLE_OBJC_ARC = YES;
				CLANG_ENABLE_OBJC_WEAK = YES;
				CLANG_WARN_BLOCK_CAPTURE_AUTORELEASING = YES;
				CLANG_WARN_BOOL_CONVERSION = YES;
				CLANG_WARN_COMMA = YES;
				CLANG_WARN_CONSTANT_CONVERSION = YES;
				CLANG_WARN_DEPRECATED_OBJC_IMPLEMENTATIONS = YES;
				CLANG_WARN_DIRECT_OBJC_ISA_USAGE = YES_ERROR;
				CLANG_WARN_DOCUMENTATION_COMMENTS = YES;
				CLANG_WARN_EMPTY_BODY = YES;
				CLANG_WARN_ENUM_CONVERSION = YES;
				CLANG_WARN_INFINITE_RECURSION = YES;
				CLANG_WARN_INT_CONVERSION = YES;
				CLANG_WARN_NON_LITERAL_NULL_CONVERSION = YES;
				CLANG_WARN_OBJC_IMPLICIT_RETAIN_SELF = YES;
				CLANG_WARN_OBJC_LITERAL_CONVERSION = YES;
				CLANG_WARN_OBJC_ROOT_CLASS = YES_ERROR;
				CLANG_WARN_RANGE_LOOP_ANALYSIS = YES;
				CLANG_WARN_STRICT_PROTOTYPES = YES;
				CLANG_WARN_SUSPICIOUS_MOVE = YES;
				CLANG_WARN_UNGUARDED_AVAILABILITY = YES_AGGRESSIVE;
				CLANG_WARN_UNREACHABLE_CODE = YES;
				CLANG_WARN__DUPLICATE_METHOD_MATCH = YES;
				COPY_PHASE_STRIP = NO;
				DEBUG_INFORMATION_FORMAT = "dwarf-with-dsym";
				ENABLE_NS_ASSERTIONS = NO;
				ENABLE_STRICT_OBJC_MSGSEND = YES;
				GCC_C_LANGUAGE_STANDARD = gnu11;
				GCC_NO_COMMON_BLOCKS = YES;
				GCC_WARN_64_TO_32_BIT_CONVERSION = YES;
				GCC_WARN_ABOUT_RETURN_TYPE = YES_ERROR;
				GCC_WARN_UNDECLARED_SELECTOR = YES;
				GCC_WARN_UNINITIALIZED_AUTOS = YES_AGGRESSIVE;
				GCC_WARN_UNUSED_FUNCTION = YES;
				GCC_WARN_UNUSED_VARIABLE = YES;
				IPHONEOS_DEPLOYMENT_TARGET = 13.2;
				MTL_ENABLE_DEBUG_INFO = NO;
				MTL_FAST_MATH = YES;
				SDKROOT = iphoneos;
				SWIFT_COMPILATION_MODE = wholemodule;
				SWIFT_OPTIMIZATION_LEVEL = "-O";
				VALIDATE_PRODUCT = YES;
			};
			name = Release;
		};
		D37B286623D74588006C360E /* Debug */ = {
			isa = XCBuildConfiguration;
			baseConfigurationReference = 881E74DEF103E13DA5BBCFC3 /* Pods-ZrMus.debug.xcconfig */;
			buildSettings = {
				ASSETCATALOG_COMPILER_APPICON_NAME = AppIcon;
				CODE_SIGN_STYLE = Manual;
				DEVELOPMENT_TEAM = "";
				INFOPLIST_FILE = ZrMus/Info.plist;
				LD_RUNPATH_SEARCH_PATHS = (
					"$(inherited)",
					"@executable_path/Frameworks",
				);
				PRODUCT_BUNDLE_IDENTIFIER = zzx.ZrMus;
				PRODUCT_NAME = "$(TARGET_NAME)";
				PROVISIONING_PROFILE_SPECIFIER = "";
				SWIFT_OBJC_BRIDGING_HEADER = ZrMus/StreamingKit/STKAudioPlayer.h;
				SWIFT_VERSION = 5.0;
				TARGETED_DEVICE_FAMILY = "1,2";
			};
			name = Debug;
		};
		D37B286723D74588006C360E /* Release */ = {
			isa = XCBuildConfiguration;
			baseConfigurationReference = 357EF3958A3D6CB21A336EC8 /* Pods-ZrMus.release.xcconfig */;
			buildSettings = {
				ASSETCATALOG_COMPILER_APPICON_NAME = AppIcon;
				CODE_SIGN_STYLE = Manual;
				DEVELOPMENT_TEAM = "";
				INFOPLIST_FILE = ZrMus/Info.plist;
				LD_RUNPATH_SEARCH_PATHS = (
					"$(inherited)",
					"@executable_path/Frameworks",
				);
				PRODUCT_BUNDLE_IDENTIFIER = zzx.ZrMus;
				PRODUCT_NAME = "$(TARGET_NAME)";
				PROVISIONING_PROFILE_SPECIFIER = "";
				SWIFT_OBJC_BRIDGING_HEADER = ZrMus/StreamingKit/STKAudioPlayer.h;
				SWIFT_VERSION = 5.0;
				TARGETED_DEVICE_FAMILY = "1,2";
			};
			name = Release;
		};
/* End XCBuildConfiguration section */

/* Begin XCConfigurationList section */
		D37B284C23D74587006C360E /* Build configuration list for PBXProject "ZrMus" */ = {
			isa = XCConfigurationList;
			buildConfigurations = (
				D37B286323D74588006C360E /* Debug */,
				D37B286423D74588006C360E /* Release */,
			);
			defaultConfigurationIsVisible = 0;
			defaultConfigurationName = Release;
		};
		D37B286523D74588006C360E /* Build configuration list for PBXNativeTarget "ZrMus" */ = {
			isa = XCConfigurationList;
			buildConfigurations = (
				D37B286623D74588006C360E /* Debug */,
				D37B286723D74588006C360E /* Release */,
			);
			defaultConfigurationIsVisible = 0;
			defaultConfigurationName = Release;
		};
/* End XCConfigurationList section */

/* Begin XCVersionGroup section */
		D3AAABC323E07CCE00D3DA3D /* ZrMus.xcdatamodeld */ = {
			isa = XCVersionGroup;
			children = (
				D3AAABC423E07CCE00D3DA3D /* ZrMus.xcdatamodel */,
			);
			currentVersion = D3AAABC423E07CCE00D3DA3D /* ZrMus.xcdatamodel */;
			path = ZrMus.xcdatamodeld;
			sourceTree = "<group>";
			versionGroupType = wrapper.xcdatamodel;
		};
/* End XCVersionGroup section */
	};
	rootObject = D37B284923D74587006C360E /* Project object */;
}
